
Microsoft Visual Studio Solution File, Format Version 12.00
# Visual Studio Version 17
VisualStudioVersion = 17.7.34009.444
MinimumVisualStudioVersion = 10.0.40219.1
Project("{9A19103F-16F7-4668-BE54-9A1E7A4F7556}") = "Gauss Trick", "Gauss Trick\Gauss Trick.csproj", "{98BBCF27-C7D4-45C9-8C76-08B55A98BC62}"
EndProject
Project("{9A19103F-16F7-4668-BE54-9A1E7A4F7556}") = "Condense Array toNumber", "Condense Array toNumber\Condense Array toNumber.csproj", "{FFD2EF50-991F-4AF4-8815-7FFE10A31070}"
EndProject
Project("{9A19103F-16F7-4668-BE54-9A1E7A4F7556}") = "Zig Zag ARRAYS", "Zig Zag ARRAYS\Zig Zag ARRAYS.csproj", "{8E15F832-4D2F-4461-9C1D-10580D1D7FA0}"
EndProject
Project("{9A19103F-16F7-4668-BE54-9A1E7A4F7556}") = "Top Integers", "Top Integers\Top Integers.csproj", "{2F8D38E7-E728-4B05-A8ED-84C02258F36F}"
EndProject
Project("{9A19103F-16F7-4668-BE54-9A1E7A4F7556}") = "Gauss Trick New", "Gauss Trick New\Gauss Trick New.csproj", "{CA3309E2-5FEA-428B-B277-E844924AB240}"
EndProject
Project("{9A19103F-16F7-4668-BE54-9A1E7A4F7556}") = "Condense Array to Number New", "Condense Array to Number\Condense Array to Number New.csproj", "{DB33C152-767D-46B7-94B7-DF68486A56A0}"
EndProject
Project("{9A19103F-16F7-4668-BE54-9A1E7A4F7556}") = "Merging Lists", "Merging Lists\Merging Lists.csproj", "{7C10019A-4050-42DD-A7EF-C65382EE4B08}"
EndProject
Project("{9A19103F-16F7-4668-BE54-9A1E7A4F7556}") = "Gauss Trick wiht Lists", "Gauss Trick wiht Lists\Gauss Trick wiht Lists.csproj", "{B00A1906-C48F-440A-9292-2D121F6E657D}"
EndProject
Project("{FAE04EC0-301F-11D3-BF4B-00C04F79EFBC}") = "Top Integer List", "Top Integer List\Top Integer List.csproj", "{0C3E2AC7-FE43-4FDD-BD88-F413BA208A4C}"
EndProject
Project("{FAE04EC0-301F-11D3-BF4B-00C04F79EFBC}") = "Magic Numbers", "Magic Numbers\Magic Numbers.csproj", "{A64140C6-FAA3-49D7-BF79-DDBD1D6677D5}"
EndProject
Global
	GlobalSection(SolutionConfigurationPlatforms) = preSolution
		Debug|Any CPU = Debug|Any CPU
		Release|Any CPU = Release|Any CPU
	EndGlobalSection
	GlobalSection(ProjectConfigurationPlatforms) = postSolution
		{98BBCF27-C7D4-45C9-8C76-08B55A98BC62}.Debug|Any CPU.ActiveCfg = Debug|Any CPU
		{98BBCF27-C7D4-45C9-8C76-08B55A98BC62}.Debug|Any CPU.Build.0 = Debug|Any CPU
		{98BBCF27-C7D4-45C9-8C76-08B55A98BC62}.Release|Any CPU.ActiveCfg = Release|Any CPU
		{98BBCF27-C7D4-45C9-8C76-08B55A98BC62}.Release|Any CPU.Build.0 = Release|Any CPU
		{FFD2EF50-991F-4AF4-8815-7FFE10A31070}.Debug|Any CPU.ActiveCfg = Debug|Any CPU
		{FFD2EF50-991F-4AF4-8815-7FFE10A31070}.Debug|Any CPU.Build.0 = Debug|Any CPU
		{FFD2EF50-991F-4AF4-8815-7FFE10A31070}.Release|Any CPU.ActiveCfg = Release|Any CPU
		{FFD2EF50-991F-4AF4-8815-7FFE10A31070}.Release|Any CPU.Build.0 = Release|Any CPU
		{8E15F832-4D2F-4461-9C1D-10580D1D7FA0}.Debug|Any CPU.ActiveCfg = Debug|Any CPU
		{8E15F832-4D2F-4461-9C1D-10580D1D7FA0}.Debug|Any CPU.Build.0 = Debug|Any CPU
		{8E15F832-4D2F-4461-9C1D-10580D1D7FA0}.Release|Any CPU.ActiveCfg = Release|Any CPU
		{8E15F832-4D2F-4461-9C1D-10580D1D7FA0}.Release|Any CPU.Build.0 = Release|Any CPU
		{2F8D38E7-E728-4B05-A8ED-84C02258F36F}.Debug|Any CPU.ActiveCfg = Debug|Any CPU
		{2F8D38E7-E728-4B05-A8ED-84C02258F36F}.Debug|Any CPU.Build.0 = Debug|Any CPU
		{2F8D38E7-E728-4B05-A8ED-84C02258F36F}.Release|Any CPU.ActiveCfg = Release|Any CPU
		{2F8D38E7-E728-4B05-A8ED-84C02258F36F}.Release|Any CPU.Build.0 = Release|Any CPU
		{CA3309E2-5FEA-428B-B277-E844924AB240}.Debug|Any CPU.ActiveCfg = Debug|Any CPU
		{CA3309E2-5FEA-428B-B277-E844924AB240}.Debug|Any CPU.Build.0 = Debug|Any CPU
		{CA3309E2-5FEA-428B-B277-E844924AB240}.Release|Any CPU.ActiveCfg = Release|Any CPU
		{CA3309E2-5FEA-428B-B277-E844924AB240}.Release|Any CPU.Build.0 = Release|Any CPU
		{DB33C152-767D-46B7-94B7-DF68486A56A0}.Debug|Any CPU.ActiveCfg = Debug|Any CPU
		{DB33C152-767D-46B7-94B7-DF68486A56A0}.Debug|Any CPU.Build.0 = Debug|Any CPU
		{DB33C152-767D-46B7-94B7-DF68486A56A0}.Release|Any CPU.ActiveCfg = Release|Any CPU
		{DB33C152-767D-46B7-94B7-DF68486A56A0}.Release|Any CPU.Build.0 = Release|Any CPU
		{7C10019A-4050-42DD-A7EF-C65382EE4B08}.Debug|Any CPU.ActiveCfg = Debug|Any CPU
		{7C10019A-4050-42DD-A7EF-C65382EE4B08}.Debug|Any CPU.Build.0 = Debug|Any CPU
		{7C10019A-4050-42DD-A7EF-C65382EE4B08}.Release|Any CPU.ActiveCfg = Release|Any CPU
		{7C10019A-4050-42DD-A7EF-C65382EE4B08}.Release|Any CPU.Build.0 = Release|Any CPU
		{B00A1906-C48F-440A-9292-2D121F6E657D}.Debug|Any CPU.ActiveCfg = Debug|Any CPU
		{B00A1906-C48F-440A-9292-2D121F6E657D}.Debug|Any CPU.Build.0 = Debug|Any CPU
		{B00A1906-C48F-440A-9292-2D121F6E657D}.Release|Any CPU.ActiveCfg = Release|Any CPU
		{B00A1906-C48F-440A-9292-2D121F6E657D}.Release|Any CPU.Build.0 = Release|Any CPU
		{0C3E2AC7-FE43-4FDD-BD88-F413BA208A4C}.Debug|Any CPU.ActiveCfg = Debug|Any CPU
		{0C3E2AC7-FE43-4FDD-BD88-F413BA208A4C}.Debug|Any CPU.Build.0 = Debug|Any CPU
		{0C3E2AC7-FE43-4FDD-BD88-F413BA208A4C}.Release|Any CPU.ActiveCfg = Release|Any CPU
		{0C3E2AC7-FE43-4FDD-BD88-F413BA208A4C}.Release|Any CPU.Build.0 = Release|Any CPU
		{A64140C6-FAA3-49D7-BF79-DDBD1D6677D5}.Debug|Any CPU.ActiveCfg = Debug|Any CPU
		{A64140C6-FAA3-49D7-BF79-DDBD1D6677D5}.Debug|Any CPU.Build.0 = Debug|Any CPU
		{A64140C6-FAA3-49D7-BF79-DDBD1D6677D5}.Release|Any CPU.ActiveCfg = Release|Any CPU
		{A64140C6-FAA3-49D7-BF79-DDBD1D6677D5}.Release|Any CPU.Build.0 = Release|Any CPU
	EndGlobalSection
	GlobalSection(SolutionProperties) = preSolution
		HideSolutionNode = FALSE
	EndGlobalSection
	GlobalSection(ExtensibilityGlobals) = postSolution
		SolutionGuid = {97AD303E-96F7-4F0A-83E7-95F400048CD7}
	EndGlobalSection
EndGlobal
