
Microsoft Visual Studio Solution File, Format Version 12.00
# Visual Studio Version 17
VisualStudioVersion = 17.8.34601.278
MinimumVisualStudioVersion = 10.0.40219.1
Project("{FAE04EC0-301F-11D3-BF4B-00C04F79EFBC}") = "StudentRegistryApplicationPOMTests", "StudentRegistryApplicationPOMTests.csproj", "{FB701804-87C1-423B-B6D9-C0BF40085EEB}"
EndProject
Global
	GlobalSection(SolutionConfigurationPlatforms) = preSolution
		Debug|Any CPU = Debug|Any CPU
		Release|Any CPU = Release|Any CPU
	EndGlobalSection
	GlobalSection(ProjectConfigurationPlatforms) = postSolution
		{FB701804-87C1-423B-B6D9-C0BF40085EEB}.Debug|Any CPU.ActiveCfg = Debug|Any CPU
		{FB701804-87C1-423B-B6D9-C0BF40085EEB}.Debug|Any CPU.Build.0 = Debug|Any CPU
		{FB701804-87C1-423B-B6D9-C0BF40085EEB}.Release|Any CPU.ActiveCfg = Release|Any CPU
		{FB701804-87C1-423B-B6D9-C0BF40085EEB}.Release|Any CPU.Build.0 = Release|Any CPU
	EndGlobalSection
	GlobalSection(SolutionProperties) = preSolution
		HideSolutionNode = FALSE
	EndGlobalSection
	GlobalSection(ExtensibilityGlobals) = postSolution
		SolutionGuid = {F523C993-0A32-48A6-8D4C-C50DCABFBB67}
	EndGlobalSection
EndGlobal
