
Microsoft Visual Studio Solution File, Format Version 12.00
# Visual Studio Version 17
VisualStudioVersion = 17.8.34601.278
MinimumVisualStudioVersion = 10.0.40219.1
Project("{FAE04EC0-301F-11D3-BF4B-00C04F79EFBC}") = "Selenium Exec", "Selenium Exec.csproj", "{4925EA49-9D56-400E-991F-658962C88197}"
EndProject
Global
	GlobalSection(SolutionConfigurationPlatforms) = preSolution
		Debug|Any CPU = Debug|Any CPU
		Release|Any CPU = Release|Any CPU
	EndGlobalSection
	GlobalSection(ProjectConfigurationPlatforms) = postSolution
		{4925EA49-9D56-400E-991F-658962C88197}.Debug|Any CPU.ActiveCfg = Debug|Any CPU
		{4925EA49-9D56-400E-991F-658962C88197}.Debug|Any CPU.Build.0 = Debug|Any CPU
		{4925EA49-9D56-400E-991F-658962C88197}.Release|Any CPU.ActiveCfg = Release|Any CPU
		{4925EA49-9D56-400E-991F-658962C88197}.Release|Any CPU.Build.0 = Release|Any CPU
	EndGlobalSection
	GlobalSection(SolutionProperties) = preSolution
		HideSolutionNode = FALSE
	EndGlobalSection
	GlobalSection(ExtensibilityGlobals) = postSolution
		SolutionGuid = {9CD35143-52AB-4494-B0DC-7B7F7B2760B4}
	EndGlobalSection
EndGlobal
