
Microsoft Visual Studio Solution File, Format Version 12.00
# Visual Studio Version 17
VisualStudioVersion = 17.8.34601.278
MinimumVisualStudioVersion = 10.0.40219.1
Project("{FAE04EC0-301F-11D3-BF4B-00C04F79EFBC}") = "StudentRegistryApp", "StudentRegistryApp.csproj", "{1EF729D0-7DAC-4BC2-BB60-5D88E72CD9B0}"
EndProject
Global
	GlobalSection(SolutionConfigurationPlatforms) = preSolution
		Debug|Any CPU = Debug|Any CPU
		Release|Any CPU = Release|Any CPU
	EndGlobalSection
	GlobalSection(ProjectConfigurationPlatforms) = postSolution
		{1EF729D0-7DAC-4BC2-BB60-5D88E72CD9B0}.Debug|Any CPU.ActiveCfg = Debug|Any CPU
		{1EF729D0-7DAC-4BC2-BB60-5D88E72CD9B0}.Debug|Any CPU.Build.0 = Debug|Any CPU
		{1EF729D0-7DAC-4BC2-BB60-5D88E72CD9B0}.Release|Any CPU.ActiveCfg = Release|Any CPU
		{1EF729D0-7DAC-4BC2-BB60-5D88E72CD9B0}.Release|Any CPU.Build.0 = Release|Any CPU
	EndGlobalSection
	GlobalSection(SolutionProperties) = preSolution
		HideSolutionNode = FALSE
	EndGlobalSection
	GlobalSection(ExtensibilityGlobals) = postSolution
		SolutionGuid = {4C90EF20-6616-4149-B3DB-8F5A8E246A1A}
	EndGlobalSection
EndGlobal
